<?xml version="1.0" encoding="utf-8"?>
<Project ToolsVersion="4.0" xmlns="http://schemas.microsoft.com/developer/msbuild/2003">
  <ItemGroup>
    <Filter Include="源文件">
      <UniqueIdentifier>{4FC737F1-C7A5-4376-A066-2A32D752A2FF}</UniqueIdentifier>
      <Extensions>cpp;c;cc;cxx;c++;cppm;ixx;def;odl;idl;hpj;bat;asm;asmx</Extensions>
    </Filter>
    <Filter Include="头文件">
      <UniqueIdentifier>{93995380-89BD-4b04-88EB-625FBE52EBFB}</UniqueIdentifier>
      <Extensions>h;hh;hpp;hxx;h++;hm;inl;inc;ipp;xsd</Extensions>
    </Filter>
    <Filter Include="资源文件">
      <UniqueIdentifier>{67DA6AB6-F800-4c08-8B7A-83BB121AAD01}</UniqueIdentifier>
      <Extensions>rc;ico;cur;bmp;dlg;rc2;rct;bin;rgs;gif;jpg;jpeg;jpe;resx;tiff;tif;png;wav;mfcribbon-ms</Extensions>
    </Filter>
  </ItemGroup>
  <ItemGroup>
    <ClCompile Include="1. 静态内存和动态内存.cpp">
      <Filter>源文件</Filter>
    </ClCompile>
    <ClCompile Include="2. 栈.cpp">
      <Filter>源文件</Filter>
    </ClCompile>
    <ClCompile Include="3. 堆.cpp">
      <Filter>源文件</Filter>
    </ClCompile>
    <ClCompile Include="4. 引用基本用法.cpp">
      <Filter>源文件</Filter>
    </ClCompile>
    <ClCompile Include="5. 引用做函数参数.cpp">
      <Filter>源文件</Filter>
    </ClCompile>
    <ClCompile Include="6. 引用做函数返回值.cpp">
      <Filter>源文件</Filter>
    </ClCompile>
    <ClCompile Include="7. 引用的本质.cpp">
      <Filter>源文件</Filter>
    </ClCompile>
    <ClCompile Include="8. const修饰引用.cpp">
      <Filter>源文件</Filter>
    </ClCompile>
    <ClCompile Include="9. 函数的默认参数.cpp">
      <Filter>源文件</Filter>
    </ClCompile>
    <ClCompile Include="11. 函数重载.cpp">
      <Filter>源文件</Filter>
    </ClCompile>
    <ClCompile Include="10. 函数的占位参数.cpp">
      <Filter>源文件</Filter>
    </ClCompile>
    <ClCompile Include="12. 函数重载与引用.cpp">
      <Filter>源文件</Filter>
    </ClCompile>
    <ClCompile Include="13. 函数重载与默认参数.cpp">
      <Filter>源文件</Filter>
    </ClCompile>
  </ItemGroup>
</Project>