<?xml version="1.0" encoding="utf-8"?>
<Project ToolsVersion="4.0" xmlns="http://schemas.microsoft.com/developer/msbuild/2003">
  <ItemGroup>
    <Filter Include="源文件">
      <UniqueIdentifier>{4FC737F1-C7A5-4376-A066-2A32D752A2FF}</UniqueIdentifier>
      <Extensions>cpp;c;cc;cxx;c++;cppm;ixx;def;odl;idl;hpj;bat;asm;asmx</Extensions>
    </Filter>
    <Filter Include="头文件">
      <UniqueIdentifier>{93995380-89BD-4b04-88EB-625FBE52EBFB}</UniqueIdentifier>
      <Extensions>h;hh;hpp;hxx;h++;hm;inl;inc;ipp;xsd</Extensions>
    </Filter>
    <Filter Include="资源文件">
      <UniqueIdentifier>{67DA6AB6-F800-4c08-8B7A-83BB121AAD01}</UniqueIdentifier>
      <Extensions>rc;ico;cur;bmp;dlg;rc2;rct;bin;rgs;gif;jpg;jpeg;jpe;resx;tiff;tif;png;wav;mfcribbon-ms</Extensions>
    </Filter>
  </ItemGroup>
  <ItemGroup>
    <ClCompile Include="1. 静态内存和动态内存.cpp">
      <Filter>源文件</Filter>
    </ClCompile>
    <ClCompile Include="2. 栈.cpp">
      <Filter>源文件</Filter>
    </ClCompile>
    <ClCompile Include="3. 堆.cpp">
      <Filter>源文件</Filter>
    </ClCompile>
    <ClCompile Include="4. 引用基本用法.cpp">
      <Filter>源文件</Filter>
    </ClCompile>
    <ClCompile Include="5. 引用做函数参数.cpp">
      <Filter>源文件</Filter>
    </ClCompile>
    <ClCompile Include="6. 引用做函数返回值.cpp">
      <Filter>源文件</Filter>
    </ClCompile>
    <ClCompile Include="7. 引用的本质.cpp">
      <Filter>源文件</Filter>
    </ClCompile>
    <ClCompile Include="8. const修饰引用.cpp">
      <Filter>源文件</Filter>
    </ClCompile>
    <ClCompile Include="9. 函数的默认参数.cpp">
      <Filter>源文件</Filter>
    </ClCompile>
    <ClCompile Include="11. 函数重载.cpp">
      <Filter>源文件</Filter>
    </ClCompile>
    <ClCompile Include="10. 函数的占位参数.cpp">
      <Filter>源文件</Filter>
    </ClCompile>
    <ClCompile Include="12. 函数重载与引用.cpp">
      <Filter>源文件</Filter>
    </ClCompile>
    <ClCompile Include="13. 函数重载与默认参数.cpp">
      <Filter>源文件</Filter>
    </ClCompile>
    <ClCompile Include="14. 类和对象的简单示例.cpp">
      <Filter>源文件</Filter>
    </ClCompile>
    <ClCompile Include="15. struct和class的区别.cpp">
      <Filter>源文件</Filter>
    </ClCompile>
    <ClCompile Include="Point.cpp">
      <Filter>源文件</Filter>
    </ClCompile>
    <ClCompile Include="16. 构造函数和析构函数.cpp">
      <Filter>源文件</Filter>
    </ClCompile>
    <ClCompile Include="17. 构造函数的分类及调用.cpp">
      <Filter>源文件</Filter>
    </ClCompile>
    <ClCompile Include="18. 拷贝构造函数的调用时机01.cpp">
      <Filter>源文件</Filter>
    </ClCompile>
    <ClCompile Include="19. 拷贝构造函数的调用时机02.cpp">
      <Filter>源文件</Filter>
    </ClCompile>
    <ClCompile Include="20. 构造函数的调用规则.cpp">
      <Filter>源文件</Filter>
    </ClCompile>
    <ClCompile Include="21. 深拷贝与浅拷贝01.cpp">
      <Filter>源文件</Filter>
    </ClCompile>
    <ClCompile Include="22. 深拷贝与浅拷贝02.cpp">
      <Filter>源文件</Filter>
    </ClCompile>
    <ClCompile Include="23. 深拷贝与浅拷贝03.cpp">
      <Filter>源文件</Filter>
    </ClCompile>
    <ClCompile Include="24. 初始化列表01.cpp">
      <Filter>源文件</Filter>
    </ClCompile>
    <ClCompile Include="27. 类对象作为类成员.cpp">
      <Filter>源文件</Filter>
    </ClCompile>
    <ClCompile Include="25. 初始化列表02.cpp">
      <Filter>源文件</Filter>
    </ClCompile>
    <ClCompile Include="26. 初始化列表03.cpp">
      <Filter>源文件</Filter>
    </ClCompile>
    <ClCompile Include="28. 静态成员变量.cpp">
      <Filter>源文件</Filter>
    </ClCompile>
    <ClCompile Include="29. 静态成员函数.cpp">
      <Filter>源文件</Filter>
    </ClCompile>
    <ClCompile Include="30. sizeof对象.cpp">
      <Filter>源文件</Filter>
    </ClCompile>
    <ClCompile Include="31. this关键字.cpp">
      <Filter>源文件</Filter>
    </ClCompile>
    <ClCompile Include="32. 空指针访问成员函数.cpp">
      <Filter>源文件</Filter>
    </ClCompile>
    <ClCompile Include="33. 常函数与常对象.cpp">
      <Filter>源文件</Filter>
    </ClCompile>
    <ClCompile Include="34. 全局函数做友元.cpp">
      <Filter>源文件</Filter>
    </ClCompile>
    <ClCompile Include="35. 类做友元.cpp">
      <Filter>源文件</Filter>
    </ClCompile>
    <ClCompile Include="36. 成员函数做友元01.cpp">
      <Filter>源文件</Filter>
    </ClCompile>
    <ClCompile Include="37. 成员函数做友元02.cpp">
      <Filter>源文件</Filter>
    </ClCompile>
    <ClCompile Include="38. 加号运算符重载.cpp">
      <Filter>源文件</Filter>
    </ClCompile>
    <ClCompile Include="39. 左移运算符重载.cpp">
      <Filter>源文件</Filter>
    </ClCompile>
    <ClCompile Include="40. 递增运算符重载01.cpp">
      <Filter>源文件</Filter>
    </ClCompile>
    <ClCompile Include="41. 递增运算符重载02.cpp">
      <Filter>源文件</Filter>
    </ClCompile>
    <ClCompile Include="42. 赋值运算符重载01.cpp">
      <Filter>源文件</Filter>
    </ClCompile>
    <ClCompile Include="43. 赋值运算符重载02.cpp">
      <Filter>源文件</Filter>
    </ClCompile>
    <ClCompile Include="44. 赋值运算符重载03.cpp">
      <Filter>源文件</Filter>
    </ClCompile>
    <ClCompile Include="45. 关系运算符重载.cpp">
      <Filter>源文件</Filter>
    </ClCompile>
    <ClCompile Include="46. 函数调用运算符重载.cpp">
      <Filter>源文件</Filter>
    </ClCompile>
    <ClCompile Include="47. 继承的基本语法.cpp">
      <Filter>源文件</Filter>
    </ClCompile>
    <ClCompile Include="48. 继承中的对象模型.cpp">
      <Filter>源文件</Filter>
    </ClCompile>
    <ClCompile Include="49. 继承中构造与析构的顺序.cpp">
      <Filter>源文件</Filter>
    </ClCompile>
    <ClCompile Include="50. 继承中同名成员的访问.cpp">
      <Filter>源文件</Filter>
    </ClCompile>
    <ClCompile Include="51. 继承同名静态成员的访问.cpp">
      <Filter>源文件</Filter>
    </ClCompile>
    <ClCompile Include="52. 多继承.cpp">
      <Filter>源文件</Filter>
    </ClCompile>
    <ClCompile Include="53. 菱形继承01.cpp">
      <Filter>源文件</Filter>
    </ClCompile>
    <ClCompile Include="54. 菱形继承02.cpp">
      <Filter>源文件</Filter>
    </ClCompile>
    <ClCompile Include="55. 多态举例.cpp">
      <Filter>源文件</Filter>
    </ClCompile>
    <ClCompile Include="56. 纯虚函数和抽象类.cpp">
      <Filter>源文件</Filter>
    </ClCompile>
    <ClCompile Include="57. 虚析构和纯虚析构01.cpp">
      <Filter>源文件</Filter>
    </ClCompile>
    <ClCompile Include="58. 虚析构和纯虚析构02.cpp">
      <Filter>源文件</Filter>
    </ClCompile>
    <ClCompile Include="59. 虚析构和纯虚析构03.cpp">
      <Filter>源文件</Filter>
    </ClCompile>
    <ClCompile Include="60. 写文件%28文本文件%29.cpp">
      <Filter>源文件</Filter>
    </ClCompile>
    <ClCompile Include="61. 读文件(文本文件).cpp">
      <Filter>源文件</Filter>
    </ClCompile>
    <ClCompile Include="62. 写文件(二进制文件).cpp">
      <Filter>源文件</Filter>
    </ClCompile>
    <ClCompile Include="63. 读文件(二进制文件).cpp">
      <Filter>源文件</Filter>
    </ClCompile>
  </ItemGroup>
  <ItemGroup>
    <ClInclude Include="Point.h">
      <Filter>头文件</Filter>
    </ClInclude>
  </ItemGroup>
</Project>