<?xml version="1.0" encoding="utf-8"?>
<Project ToolsVersion="4.0" xmlns="http://schemas.microsoft.com/developer/msbuild/2003">
  <ItemGroup>
    <Filter Include="源文件">
      <UniqueIdentifier>{4FC737F1-C7A5-4376-A066-2A32D752A2FF}</UniqueIdentifier>
      <Extensions>cpp;c;cc;cxx;c++;cppm;ixx;def;odl;idl;hpj;bat;asm;asmx</Extensions>
    </Filter>
    <Filter Include="头文件">
      <UniqueIdentifier>{93995380-89BD-4b04-88EB-625FBE52EBFB}</UniqueIdentifier>
      <Extensions>h;hh;hpp;hxx;h++;hm;inl;inc;ipp;xsd</Extensions>
    </Filter>
    <Filter Include="资源文件">
      <UniqueIdentifier>{67DA6AB6-F800-4c08-8B7A-83BB121AAD01}</UniqueIdentifier>
      <Extensions>rc;ico;cur;bmp;dlg;rc2;rct;bin;rgs;gif;jpg;jpeg;jpe;resx;tiff;tif;png;wav;mfcribbon-ms</Extensions>
    </Filter>
  </ItemGroup>
  <ItemGroup>
    <ClCompile Include="1. HelloWorld.cpp">
      <Filter>源文件</Filter>
    </ClCompile>
    <ClCompile Include="2. 常量.cpp">
      <Filter>源文件</Filter>
    </ClCompile>
    <ClCompile Include="3. sizeOf关键字.cpp">
      <Filter>源文件</Filter>
    </ClCompile>
    <ClCompile Include="4. 字符串类型.cpp">
      <Filter>源文件</Filter>
    </ClCompile>
    <ClCompile Include="5. 数据输入输出.cpp">
      <Filter>源文件</Filter>
    </ClCompile>
    <ClCompile Include="6. 选择结构.cpp">
      <Filter>源文件</Filter>
    </ClCompile>
    <ClCompile Include="7. 循环结构.cpp">
      <Filter>源文件</Filter>
    </ClCompile>
    <ClCompile Include="8. 一维数组.cpp">
      <Filter>源文件</Filter>
    </ClCompile>
    <ClCompile Include="9. 二维数组.cpp">
      <Filter>源文件</Filter>
    </ClCompile>
    <ClCompile Include="10. 函数声明.cpp">
      <Filter>源文件</Filter>
    </ClCompile>
    <ClCompile Include="11. 函数分文件编写.cpp">
      <Filter>源文件</Filter>
    </ClCompile>
    <ClCompile Include="12. 指针基础.cpp">
      <Filter>源文件</Filter>
    </ClCompile>
    <ClCompile Include="13. const修饰指针.cpp">
      <Filter>源文件</Filter>
    </ClCompile>
    <ClCompile Include="14. 指针和数组.cpp">
      <Filter>源文件</Filter>
    </ClCompile>
    <ClCompile Include="15. 指针和函数.cpp">
      <Filter>源文件</Filter>
    </ClCompile>
    <ClCompile Include="16. 结构体的定义和使用.cpp">
      <Filter>源文件</Filter>
    </ClCompile>
    <ClCompile Include="17. 结构体指针.cpp">
      <Filter>源文件</Filter>
    </ClCompile>
    <ClCompile Include="test.cpp">
      <Filter>源文件</Filter>
    </ClCompile>
    <ClCompile Include="define01.cpp">
      <Filter>源文件</Filter>
    </ClCompile>
    <ClCompile Include="18. 传递数组给函数.cpp">
      <Filter>源文件</Filter>
    </ClCompile>
  </ItemGroup>
  <ItemGroup>
    <ClInclude Include="test.h">
      <Filter>头文件</Filter>
    </ClInclude>
    <ClInclude Include="define01.h">
      <Filter>头文件</Filter>
    </ClInclude>
    <ClInclude Include="define02.h">
      <Filter>头文件</Filter>
    </ClInclude>
  </ItemGroup>
</Project>