<?xml version="1.0" encoding="utf-8"?>
<Project ToolsVersion="4.0" xmlns="http://schemas.microsoft.com/developer/msbuild/2003">
  <ItemGroup>
    <Filter Include="源文件">
      <UniqueIdentifier>{4FC737F1-C7A5-4376-A066-2A32D752A2FF}</UniqueIdentifier>
      <Extensions>cpp;c;cc;cxx;c++;cppm;ixx;def;odl;idl;hpj;bat;asm;asmx</Extensions>
    </Filter>
    <Filter Include="头文件">
      <UniqueIdentifier>{93995380-89BD-4b04-88EB-625FBE52EBFB}</UniqueIdentifier>
      <Extensions>h;hh;hpp;hxx;h++;hm;inl;inc;ipp;xsd</Extensions>
    </Filter>
    <Filter Include="资源文件">
      <UniqueIdentifier>{67DA6AB6-F800-4c08-8B7A-83BB121AAD01}</UniqueIdentifier>
      <Extensions>rc;ico;cur;bmp;dlg;rc2;rct;bin;rgs;gif;jpg;jpeg;jpe;resx;tiff;tif;png;wav;mfcribbon-ms</Extensions>
    </Filter>
    <Filter Include="源文件\第2章 开始学习C++">
      <UniqueIdentifier>{0f25e40d-6a0d-4844-9393-ad3d3663fa07}</UniqueIdentifier>
    </Filter>
    <Filter Include="源文件\第2章 开始学习C++\编程练习">
      <UniqueIdentifier>{d0bbc544-5156-4e3a-8b88-af7effd27b62}</UniqueIdentifier>
    </Filter>
    <Filter Include="源文件\第3章 处理数据">
      <UniqueIdentifier>{cb72c809-0c75-42c2-a4ea-656f489dbe4b}</UniqueIdentifier>
    </Filter>
    <Filter Include="源文件\第3章 处理数据\编程练习">
      <UniqueIdentifier>{094b0d34-2cf4-4c6e-9bad-04849a74e680}</UniqueIdentifier>
    </Filter>
    <Filter Include="源文件\第4章 复合类型">
      <UniqueIdentifier>{17fc19de-0fd8-43ac-b31b-45270646eb21}</UniqueIdentifier>
    </Filter>
    <Filter Include="源文件\第4章 复合类型\编程练习">
      <UniqueIdentifier>{9c49d72c-a183-49de-affb-29532eeda846}</UniqueIdentifier>
    </Filter>
    <Filter Include="源文件\第5章 循环和关系表达式">
      <UniqueIdentifier>{0b57b59f-c3f3-410a-a778-3bf554b25436}</UniqueIdentifier>
    </Filter>
    <Filter Include="源文件\第5章 循环和关系表达式\编程练习">
      <UniqueIdentifier>{c6a4c56e-3ec1-4240-aaf1-5f38ad06dee4}</UniqueIdentifier>
    </Filter>
    <Filter Include="源文件\第6章 分支语句和逻辑运算符">
      <UniqueIdentifier>{8d0f394c-573a-4204-9c26-da45a3a9762c}</UniqueIdentifier>
    </Filter>
    <Filter Include="源文件\第6章 分支语句和逻辑运算符\编程练习">
      <UniqueIdentifier>{4e1575ef-5ba8-46db-8558-379bb815eef2}</UniqueIdentifier>
    </Filter>
    <Filter Include="源文件\第7章 函数--C++的编程模块">
      <UniqueIdentifier>{20d06418-98b5-411d-8638-65129a623f91}</UniqueIdentifier>
    </Filter>
    <Filter Include="源文件\第7章 函数--C++的编程模块\编程练习">
      <UniqueIdentifier>{59195122-2f91-4f56-b85c-3fc33f3c9cc7}</UniqueIdentifier>
    </Filter>
    <Filter Include="源文件\第8章 函数探幽">
      <UniqueIdentifier>{c80a8cf0-dee4-4d21-a9a6-28df4960134a}</UniqueIdentifier>
    </Filter>
    <Filter Include="源文件\第8章 函数探幽\编程练习">
      <UniqueIdentifier>{a3157dbe-8ba0-4e90-8cef-881b5d63eff7}</UniqueIdentifier>
    </Filter>
    <Filter Include="源文件\第9章 内存模型和名称空间">
      <UniqueIdentifier>{c228e95f-7681-4160-b3a8-7dd46227081e}</UniqueIdentifier>
    </Filter>
    <Filter Include="源文件\第9章 内存模型和名称空间\9.1-9.3">
      <UniqueIdentifier>{2dacc455-71c3-47ef-970d-d5a1a6bb3c53}</UniqueIdentifier>
    </Filter>
    <Filter Include="源文件\第9章 内存模型和名称空间\9.5-9.6">
      <UniqueIdentifier>{69fb129b-1663-426b-be04-57f583f7b117}</UniqueIdentifier>
    </Filter>
    <Filter Include="源文件\第9章 内存模型和名称空间\9.7-9.8">
      <UniqueIdentifier>{df31aa00-d770-48f9-86e5-2d87341f5079}</UniqueIdentifier>
    </Filter>
    <Filter Include="源文件\第9章 内存模型和名称空间\9.11-9.13">
      <UniqueIdentifier>{cbc87f83-7af4-4b9c-a2b0-1f91f355a04e}</UniqueIdentifier>
    </Filter>
    <Filter Include="源文件\第9章 内存模型和名称空间\编程练习">
      <UniqueIdentifier>{042f2cb8-49f1-4c48-ab72-26873e89177c}</UniqueIdentifier>
    </Filter>
    <Filter Include="源文件\第9章 内存模型和名称空间\编程练习\9.1">
      <UniqueIdentifier>{8e5c2019-2de3-4c8b-8bd4-e0acddb595ab}</UniqueIdentifier>
    </Filter>
    <Filter Include="源文件\第9章 内存模型和名称空间\编程练习\9.4">
      <UniqueIdentifier>{800ac7ad-4007-4854-b577-44de5974f252}</UniqueIdentifier>
    </Filter>
    <Filter Include="源文件\第10章 对象和类">
      <UniqueIdentifier>{b43fcc33-235b-4471-ada1-3d3886b20787}</UniqueIdentifier>
    </Filter>
    <Filter Include="源文件\第10章 对象和类\10.1-10.3">
      <UniqueIdentifier>{55c3d1d8-3c0d-40d4-89e8-ebb4a223025e}</UniqueIdentifier>
    </Filter>
    <Filter Include="源文件\第10章 对象和类\10.4-10.6">
      <UniqueIdentifier>{b1a81b90-f102-4f77-bf59-4f157f8056c2}</UniqueIdentifier>
    </Filter>
    <Filter Include="源文件\第10章 对象和类\10.7-10.9">
      <UniqueIdentifier>{3d7db6c6-2a48-417f-9720-350eb6058179}</UniqueIdentifier>
    </Filter>
    <Filter Include="源文件\第10章 对象和类\10.10-10.12">
      <UniqueIdentifier>{e791d716-b008-4169-9361-bf074fbe8c83}</UniqueIdentifier>
    </Filter>
    <Filter Include="源文件\第10章 对象和类\编程练习">
      <UniqueIdentifier>{cd8873d3-1ac9-44d2-83e8-6ffb4de332c0}</UniqueIdentifier>
    </Filter>
    <Filter Include="源文件\第10章 对象和类\编程练习\10.1">
      <UniqueIdentifier>{e742bfb5-4ad3-4014-8769-908ebaf84ab5}</UniqueIdentifier>
    </Filter>
    <Filter Include="源文件\第10章 对象和类\编程练习\10.2">
      <UniqueIdentifier>{0808af9f-e65f-4de5-b838-d13553822828}</UniqueIdentifier>
    </Filter>
    <Filter Include="源文件\第10章 对象和类\编程练习\10.3">
      <UniqueIdentifier>{161aff2b-93e0-40aa-9009-e25b5682dbb7}</UniqueIdentifier>
    </Filter>
    <Filter Include="源文件\第10章 对象和类\编程练习\10.4">
      <UniqueIdentifier>{4f1323c4-7ea2-42ac-abc7-0f7e1e90b93a}</UniqueIdentifier>
    </Filter>
    <Filter Include="源文件\第10章 对象和类\编程练习\10.5">
      <UniqueIdentifier>{f86907e3-71d5-46be-9531-830096fe8ea2}</UniqueIdentifier>
    </Filter>
    <Filter Include="源文件\第10章 对象和类\编程练习\10.6">
      <UniqueIdentifier>{25fae006-aa97-4db1-82a8-95b3c5c71f7a}</UniqueIdentifier>
    </Filter>
    <Filter Include="源文件\第10章 对象和类\编程练习\10.7">
      <UniqueIdentifier>{b0a5e3ec-e5e8-42fe-8bb0-3e77c333c77c}</UniqueIdentifier>
    </Filter>
    <Filter Include="源文件\第10章 对象和类\编程练习\10.8">
      <UniqueIdentifier>{49726e46-ee42-4071-b51e-54ecb7bb13a3}</UniqueIdentifier>
    </Filter>
    <Filter Include="源文件\第11章 使用类">
      <UniqueIdentifier>{a676a160-0045-4a32-91fd-1b24cc03d0c8}</UniqueIdentifier>
    </Filter>
    <Filter Include="源文件\第11章 使用类\11.1-11.3">
      <UniqueIdentifier>{03d8a94f-52ae-4e81-b093-77d2ad17122e}</UniqueIdentifier>
    </Filter>
    <Filter Include="源文件\第11章 使用类\11.4-11.6">
      <UniqueIdentifier>{4fec6934-c592-4f7f-8453-73edc62ef823}</UniqueIdentifier>
    </Filter>
    <Filter Include="源文件\第11章 使用类\11.7-11.9">
      <UniqueIdentifier>{0742b105-0fd2-412f-a5bb-687a98b56834}</UniqueIdentifier>
    </Filter>
    <Filter Include="源文件\第11章 使用类\11.10-11.12">
      <UniqueIdentifier>{1be88a8e-96a0-4dbc-9023-d3c0dd6cd53f}</UniqueIdentifier>
    </Filter>
    <Filter Include="源文件\第11章 使用类\11.13-11.15">
      <UniqueIdentifier>{2290cf04-2f2a-4703-801d-4aaad1e261d9}</UniqueIdentifier>
    </Filter>
    <Filter Include="源文件\第11章 使用类\11.16-11.18">
      <UniqueIdentifier>{2c0c99a7-3aec-4fc8-99a2-7b5954e2805b}</UniqueIdentifier>
    </Filter>
    <Filter Include="源文件\第11章 使用类\11.19-11.21">
      <UniqueIdentifier>{1766a215-4678-427e-8f3c-e56e2bf708d7}</UniqueIdentifier>
    </Filter>
    <Filter Include="源文件\第11章 使用类\编程练习">
      <UniqueIdentifier>{bdbe9df1-cb23-4b6c-a4a0-c896e1a6f5f4}</UniqueIdentifier>
    </Filter>
    <Filter Include="源文件\第11章 使用类\编程练习\11.1">
      <UniqueIdentifier>{c6c57756-e1cc-41e8-ae01-d4708efdac67}</UniqueIdentifier>
    </Filter>
    <Filter Include="源文件\第11章 使用类\编程练习\11.2">
      <UniqueIdentifier>{ede2cd98-e289-4d2c-bfb5-c08b5c4a5073}</UniqueIdentifier>
    </Filter>
    <Filter Include="源文件\第11章 使用类\编程练习\11.3">
      <UniqueIdentifier>{2f95c84f-7e99-43bc-9c13-564ed7a8c2f2}</UniqueIdentifier>
    </Filter>
    <Filter Include="源文件\第11章 使用类\编程练习\11.4">
      <UniqueIdentifier>{2b4ef6a2-c03a-485f-b687-e13aed042953}</UniqueIdentifier>
    </Filter>
    <Filter Include="源文件\第11章 使用类\编程练习\11.5">
      <UniqueIdentifier>{854bac00-8cad-4977-88a9-a3d0e19c879b}</UniqueIdentifier>
    </Filter>
    <Filter Include="源文件\第11章 使用类\编程练习\11.6">
      <UniqueIdentifier>{9c6180b5-22f8-4104-8c25-7c92067781d0}</UniqueIdentifier>
    </Filter>
    <Filter Include="源文件\第11章 使用类\编程练习\11.7">
      <UniqueIdentifier>{dbe04145-fff7-43a4-a59a-10fb11263f37}</UniqueIdentifier>
    </Filter>
  </ItemGroup>
  <ItemGroup>
    <ClCompile Include="2.1 myfirst.cpp">
      <Filter>源文件\第2章 开始学习C++</Filter>
    </ClCompile>
    <ClCompile Include="2.2 carrots.cpp">
      <Filter>源文件\第2章 开始学习C++</Filter>
    </ClCompile>
    <ClCompile Include="2.3 getinfo.cpp">
      <Filter>源文件\第2章 开始学习C++</Filter>
    </ClCompile>
    <ClCompile Include="2.4 sqrt.cpp">
      <Filter>源文件\第2章 开始学习C++</Filter>
    </ClCompile>
    <ClCompile Include="2.5 ourfunc.cpp">
      <Filter>源文件\第2章 开始学习C++</Filter>
    </ClCompile>
    <ClCompile Include="2.6 convert.cpp">
      <Filter>源文件\第2章 开始学习C++</Filter>
    </ClCompile>
    <ClCompile Include="2.1.cpp">
      <Filter>源文件\第2章 开始学习C++\编程练习</Filter>
    </ClCompile>
    <ClCompile Include="2.2.cpp">
      <Filter>源文件\第2章 开始学习C++\编程练习</Filter>
    </ClCompile>
    <ClCompile Include="2.3.cpp">
      <Filter>源文件\第2章 开始学习C++\编程练习</Filter>
    </ClCompile>
    <ClCompile Include="2.4.cpp">
      <Filter>源文件\第2章 开始学习C++\编程练习</Filter>
    </ClCompile>
    <ClCompile Include="2.5.cpp">
      <Filter>源文件\第2章 开始学习C++\编程练习</Filter>
    </ClCompile>
    <ClCompile Include="2.6.cpp">
      <Filter>源文件\第2章 开始学习C++\编程练习</Filter>
    </ClCompile>
    <ClCompile Include="2.7.cpp">
      <Filter>源文件\第2章 开始学习C++\编程练习</Filter>
    </ClCompile>
    <ClCompile Include="3.1 limits.cpp">
      <Filter>源文件\第3章 处理数据</Filter>
    </ClCompile>
    <ClCompile Include="3.2 exceed.cpp">
      <Filter>源文件\第3章 处理数据</Filter>
    </ClCompile>
    <ClCompile Include="3.3 hexoct.cpp">
      <Filter>源文件\第3章 处理数据</Filter>
    </ClCompile>
    <ClCompile Include="3.4 hexoct2.cpp">
      <Filter>源文件\第3章 处理数据</Filter>
    </ClCompile>
    <ClCompile Include="3.5 chartype.cpp">
      <Filter>源文件\第3章 处理数据</Filter>
    </ClCompile>
    <ClCompile Include="3.6 morechar.cpp">
      <Filter>源文件\第3章 处理数据</Filter>
    </ClCompile>
    <ClCompile Include="3.7 bondini.cpp">
      <Filter>源文件\第3章 处理数据</Filter>
    </ClCompile>
    <ClCompile Include="3.8 floatnum.cpp">
      <Filter>源文件\第3章 处理数据</Filter>
    </ClCompile>
    <ClCompile Include="3.9 fltadd.cpp">
      <Filter>源文件\第3章 处理数据</Filter>
    </ClCompile>
    <ClCompile Include="3.10 arith.cpp">
      <Filter>源文件\第3章 处理数据</Filter>
    </ClCompile>
    <ClCompile Include="3.11 divide.cpp">
      <Filter>源文件\第3章 处理数据</Filter>
    </ClCompile>
    <ClCompile Include="3.12 mudulus.cpp">
      <Filter>源文件\第3章 处理数据</Filter>
    </ClCompile>
    <ClCompile Include="3.13 assign.cpp">
      <Filter>源文件\第3章 处理数据</Filter>
    </ClCompile>
    <ClCompile Include="3.14 typecast.cpp">
      <Filter>源文件\第3章 处理数据</Filter>
    </ClCompile>
    <ClCompile Include="3.1.cpp">
      <Filter>源文件\第3章 处理数据\编程练习</Filter>
    </ClCompile>
    <ClCompile Include="3.2.cpp">
      <Filter>源文件\第3章 处理数据\编程练习</Filter>
    </ClCompile>
    <ClCompile Include="3.3.cpp">
      <Filter>源文件\第3章 处理数据\编程练习</Filter>
    </ClCompile>
    <ClCompile Include="3.4.cpp">
      <Filter>源文件\第3章 处理数据\编程练习</Filter>
    </ClCompile>
    <ClCompile Include="3.5.cpp">
      <Filter>源文件\第3章 处理数据\编程练习</Filter>
    </ClCompile>
    <ClCompile Include="3.6.cpp">
      <Filter>源文件\第3章 处理数据\编程练习</Filter>
    </ClCompile>
    <ClCompile Include="3.7.cpp">
      <Filter>源文件\第3章 处理数据\编程练习</Filter>
    </ClCompile>
    <ClCompile Include="4.1 arrayone.cpp">
      <Filter>源文件\第4章 复合类型</Filter>
    </ClCompile>
    <ClCompile Include="4.2 string.cpp">
      <Filter>源文件\第4章 复合类型</Filter>
    </ClCompile>
    <ClCompile Include="4.3 instr1.cpp">
      <Filter>源文件\第4章 复合类型</Filter>
    </ClCompile>
    <ClCompile Include="4.4 instr2.cpp">
      <Filter>源文件\第4章 复合类型</Filter>
    </ClCompile>
    <ClCompile Include="4.5 instr3.cpp">
      <Filter>源文件\第4章 复合类型</Filter>
    </ClCompile>
    <ClCompile Include="4.6 numstr.cpp">
      <Filter>源文件\第4章 复合类型</Filter>
    </ClCompile>
    <ClCompile Include="4.7 strtype1.cpp">
      <Filter>源文件\第4章 复合类型</Filter>
    </ClCompile>
    <ClCompile Include="4.8 strtype2.cpp">
      <Filter>源文件\第4章 复合类型</Filter>
    </ClCompile>
    <ClCompile Include="4.9 strtype3.cpp">
      <Filter>源文件\第4章 复合类型</Filter>
    </ClCompile>
    <ClCompile Include="4.10 strtype4.cpp">
      <Filter>源文件\第4章 复合类型</Filter>
    </ClCompile>
    <ClCompile Include="4.11 structur.cpp">
      <Filter>源文件\第4章 复合类型</Filter>
    </ClCompile>
    <ClCompile Include="4.12 assgn_st.cpp">
      <Filter>源文件\第4章 复合类型</Filter>
    </ClCompile>
    <ClCompile Include="4.13 arrstruc.cpp">
      <Filter>源文件\第4章 复合类型</Filter>
    </ClCompile>
    <ClCompile Include="4.14 address.cpp">
      <Filter>源文件\第4章 复合类型</Filter>
    </ClCompile>
    <ClCompile Include="4.15 pointer.cpp">
      <Filter>源文件\第4章 复合类型</Filter>
    </ClCompile>
    <ClCompile Include="4.16 init_ptr.cpp">
      <Filter>源文件\第4章 复合类型</Filter>
    </ClCompile>
    <ClCompile Include="4.17 use_new.cpp">
      <Filter>源文件\第4章 复合类型</Filter>
    </ClCompile>
    <ClCompile Include="4.18 arraynew.cpp">
      <Filter>源文件\第4章 复合类型</Filter>
    </ClCompile>
    <ClCompile Include="4.19 addpntrs.cpp">
      <Filter>源文件\第4章 复合类型</Filter>
    </ClCompile>
    <ClCompile Include="4.20 ptrstr.cpp">
      <Filter>源文件\第4章 复合类型</Filter>
    </ClCompile>
    <ClCompile Include="4.21 newstrct.cpp">
      <Filter>源文件\第4章 复合类型</Filter>
    </ClCompile>
    <ClCompile Include="4.22 delete.cpp">
      <Filter>源文件\第4章 复合类型</Filter>
    </ClCompile>
    <ClCompile Include="4.23 mixtypes.cpp">
      <Filter>源文件\第4章 复合类型</Filter>
    </ClCompile>
    <ClCompile Include="4.24 choices.cpp">
      <Filter>源文件\第4章 复合类型</Filter>
    </ClCompile>
    <ClCompile Include="4.1.cpp">
      <Filter>源文件\第4章 复合类型\编程练习</Filter>
    </ClCompile>
    <ClCompile Include="4.2.cpp">
      <Filter>源文件\第4章 复合类型\编程练习</Filter>
    </ClCompile>
    <ClCompile Include="4.3.cpp">
      <Filter>源文件\第4章 复合类型\编程练习</Filter>
    </ClCompile>
    <ClCompile Include="4.4.cpp">
      <Filter>源文件\第4章 复合类型\编程练习</Filter>
    </ClCompile>
    <ClCompile Include="4.5.cpp">
      <Filter>源文件\第4章 复合类型\编程练习</Filter>
    </ClCompile>
    <ClCompile Include="4.6.cpp">
      <Filter>源文件\第4章 复合类型\编程练习</Filter>
    </ClCompile>
    <ClCompile Include="4.7.cpp">
      <Filter>源文件\第4章 复合类型\编程练习</Filter>
    </ClCompile>
    <ClCompile Include="4.8.cpp">
      <Filter>源文件\第4章 复合类型\编程练习</Filter>
    </ClCompile>
    <ClCompile Include="4.9.cpp">
      <Filter>源文件\第4章 复合类型\编程练习</Filter>
    </ClCompile>
    <ClCompile Include="4.10.cpp">
      <Filter>源文件\第4章 复合类型\编程练习</Filter>
    </ClCompile>
    <ClCompile Include="5.1 forloop.cpp">
      <Filter>源文件\第5章 循环和关系表达式</Filter>
    </ClCompile>
    <ClCompile Include="5.2 num_test.cpp">
      <Filter>源文件\第5章 循环和关系表达式</Filter>
    </ClCompile>
    <ClCompile Include="5.3 express.cpp">
      <Filter>源文件\第5章 循环和关系表达式</Filter>
    </ClCompile>
    <ClCompile Include="5.4 formore.cpp">
      <Filter>源文件\第5章 循环和关系表达式</Filter>
    </ClCompile>
    <ClCompile Include="5.5 bigstep.cpp">
      <Filter>源文件\第5章 循环和关系表达式</Filter>
    </ClCompile>
    <ClCompile Include="5.6 forstr1.cpp">
      <Filter>源文件\第5章 循环和关系表达式</Filter>
    </ClCompile>
    <ClCompile Include="5.7 plus_one.cpp">
      <Filter>源文件\第5章 循环和关系表达式</Filter>
    </ClCompile>
    <ClCompile Include="5.8 block.cpp">
      <Filter>源文件\第5章 循环和关系表达式</Filter>
    </ClCompile>
    <ClCompile Include="5.9 forstr2.cpp">
      <Filter>源文件\第5章 循环和关系表达式</Filter>
    </ClCompile>
    <ClCompile Include="5.10 equal.cpp">
      <Filter>源文件\第5章 循环和关系表达式</Filter>
    </ClCompile>
    <ClCompile Include="5.11 compstr1.cpp">
      <Filter>源文件\第5章 循环和关系表达式</Filter>
    </ClCompile>
    <ClCompile Include="5.12 compstr2.cpp">
      <Filter>源文件\第5章 循环和关系表达式</Filter>
    </ClCompile>
    <ClCompile Include="5.13 while.cpp">
      <Filter>源文件\第5章 循环和关系表达式</Filter>
    </ClCompile>
    <ClCompile Include="5.14 waiting.cpp">
      <Filter>源文件\第5章 循环和关系表达式</Filter>
    </ClCompile>
    <ClCompile Include="5.15 dowhile.cpp">
      <Filter>源文件\第5章 循环和关系表达式</Filter>
    </ClCompile>
    <ClCompile Include="5.16 textin1.cpp">
      <Filter>源文件\第5章 循环和关系表达式</Filter>
    </ClCompile>
    <ClCompile Include="5.17 textin2.cpp">
      <Filter>源文件\第5章 循环和关系表达式</Filter>
    </ClCompile>
    <ClCompile Include="5.18 textin3.cpp">
      <Filter>源文件\第5章 循环和关系表达式</Filter>
    </ClCompile>
    <ClCompile Include="5.19 textin4.cpp">
      <Filter>源文件\第5章 循环和关系表达式</Filter>
    </ClCompile>
    <ClCompile Include="5.20 nested.cpp">
      <Filter>源文件\第5章 循环和关系表达式</Filter>
    </ClCompile>
    <ClCompile Include="5.1.cpp">
      <Filter>源文件\第5章 循环和关系表达式\编程练习</Filter>
    </ClCompile>
    <ClCompile Include="5.2.cpp">
      <Filter>源文件\第5章 循环和关系表达式\编程练习</Filter>
    </ClCompile>
    <ClCompile Include="5.3.cpp">
      <Filter>源文件\第5章 循环和关系表达式\编程练习</Filter>
    </ClCompile>
    <ClCompile Include="5.4.cpp">
      <Filter>源文件\第5章 循环和关系表达式\编程练习</Filter>
    </ClCompile>
    <ClCompile Include="5.5.cpp">
      <Filter>源文件\第5章 循环和关系表达式\编程练习</Filter>
    </ClCompile>
    <ClCompile Include="5.6.cpp">
      <Filter>源文件\第5章 循环和关系表达式\编程练习</Filter>
    </ClCompile>
    <ClCompile Include="5.7.cpp">
      <Filter>源文件\第5章 循环和关系表达式\编程练习</Filter>
    </ClCompile>
    <ClCompile Include="5.8.cpp">
      <Filter>源文件\第5章 循环和关系表达式\编程练习</Filter>
    </ClCompile>
    <ClCompile Include="5.9.cpp">
      <Filter>源文件\第5章 循环和关系表达式\编程练习</Filter>
    </ClCompile>
    <ClCompile Include="5.10.cpp">
      <Filter>源文件\第5章 循环和关系表达式\编程练习</Filter>
    </ClCompile>
    <ClCompile Include="6.1 if.cpp">
      <Filter>源文件\第6章 分支语句和逻辑运算符</Filter>
    </ClCompile>
    <ClCompile Include="6.2 ifelse.cpp">
      <Filter>源文件\第6章 分支语句和逻辑运算符</Filter>
    </ClCompile>
    <ClCompile Include="6.3 ifelseif.cpp">
      <Filter>源文件\第6章 分支语句和逻辑运算符</Filter>
    </ClCompile>
    <ClCompile Include="6.4 or.cpp">
      <Filter>源文件\第6章 分支语句和逻辑运算符</Filter>
    </ClCompile>
    <ClCompile Include="6.5 and.cpp">
      <Filter>源文件\第6章 分支语句和逻辑运算符</Filter>
    </ClCompile>
    <ClCompile Include="6.6 more_and.cpp">
      <Filter>源文件\第6章 分支语句和逻辑运算符</Filter>
    </ClCompile>
    <ClCompile Include="6.7 not.cpp">
      <Filter>源文件\第6章 分支语句和逻辑运算符</Filter>
    </ClCompile>
    <ClCompile Include="6.8 cctypes.cpp">
      <Filter>源文件\第6章 分支语句和逻辑运算符</Filter>
    </ClCompile>
    <ClCompile Include="6.9 condit.cpp">
      <Filter>源文件\第6章 分支语句和逻辑运算符</Filter>
    </ClCompile>
    <ClCompile Include="6.10 switch.cpp">
      <Filter>源文件\第6章 分支语句和逻辑运算符</Filter>
    </ClCompile>
    <ClCompile Include="6.11 enum.cpp">
      <Filter>源文件\第6章 分支语句和逻辑运算符</Filter>
    </ClCompile>
    <ClCompile Include="6.12 jump.cpp">
      <Filter>源文件\第6章 分支语句和逻辑运算符</Filter>
    </ClCompile>
    <ClCompile Include="6.13 cinfish.cpp">
      <Filter>源文件\第6章 分支语句和逻辑运算符</Filter>
    </ClCompile>
    <ClCompile Include="6.14 cingolf.cpp">
      <Filter>源文件\第6章 分支语句和逻辑运算符</Filter>
    </ClCompile>
    <ClCompile Include="6.15 outfile.cpp">
      <Filter>源文件\第6章 分支语句和逻辑运算符</Filter>
    </ClCompile>
    <ClCompile Include="6.16 sumafile.cpp">
      <Filter>源文件\第6章 分支语句和逻辑运算符</Filter>
    </ClCompile>
    <ClCompile Include="6.1.cpp">
      <Filter>源文件\第6章 分支语句和逻辑运算符\编程练习</Filter>
    </ClCompile>
    <ClCompile Include="6.2.cpp">
      <Filter>源文件\第6章 分支语句和逻辑运算符\编程练习</Filter>
    </ClCompile>
    <ClCompile Include="6.3.cpp">
      <Filter>源文件\第6章 分支语句和逻辑运算符\编程练习</Filter>
    </ClCompile>
    <ClCompile Include="6.4.cpp">
      <Filter>源文件\第6章 分支语句和逻辑运算符\编程练习</Filter>
    </ClCompile>
    <ClCompile Include="6.5.cpp">
      <Filter>源文件\第6章 分支语句和逻辑运算符\编程练习</Filter>
    </ClCompile>
    <ClCompile Include="6.6.cpp">
      <Filter>源文件\第6章 分支语句和逻辑运算符\编程练习</Filter>
    </ClCompile>
    <ClCompile Include="6.7.cpp">
      <Filter>源文件\第6章 分支语句和逻辑运算符\编程练习</Filter>
    </ClCompile>
    <ClCompile Include="6.8.cpp">
      <Filter>源文件\第6章 分支语句和逻辑运算符\编程练习</Filter>
    </ClCompile>
    <ClCompile Include="6.9.cpp">
      <Filter>源文件\第6章 分支语句和逻辑运算符\编程练习</Filter>
    </ClCompile>
    <ClCompile Include="7.1 calling.cpp">
      <Filter>源文件\第7章 函数--C++的编程模块</Filter>
    </ClCompile>
    <ClCompile Include="7.2 protos.cpp">
      <Filter>源文件\第7章 函数--C++的编程模块</Filter>
    </ClCompile>
    <ClCompile Include="7.3 twoarg.cpp">
      <Filter>源文件\第7章 函数--C++的编程模块</Filter>
    </ClCompile>
    <ClCompile Include="7.4 lotto.cpp">
      <Filter>源文件\第7章 函数--C++的编程模块</Filter>
    </ClCompile>
    <ClCompile Include="7.5 arrfun1.cpp">
      <Filter>源文件\第7章 函数--C++的编程模块</Filter>
    </ClCompile>
    <ClCompile Include="7.6 arrfun2.cpp">
      <Filter>源文件\第7章 函数--C++的编程模块</Filter>
    </ClCompile>
    <ClCompile Include="7.7 arrfun3.cpp">
      <Filter>源文件\第7章 函数--C++的编程模块</Filter>
    </ClCompile>
    <ClCompile Include="7.8 arrfun4.cpp">
      <Filter>源文件\第7章 函数--C++的编程模块</Filter>
    </ClCompile>
    <ClCompile Include="7.9 strgfun.cpp">
      <Filter>源文件\第7章 函数--C++的编程模块</Filter>
    </ClCompile>
    <ClCompile Include="7.10 strgback.cpp">
      <Filter>源文件\第7章 函数--C++的编程模块</Filter>
    </ClCompile>
    <ClCompile Include="7.11 travel.cpp">
      <Filter>源文件\第7章 函数--C++的编程模块</Filter>
    </ClCompile>
    <ClCompile Include="7.12 atrctfun.cpp">
      <Filter>源文件\第7章 函数--C++的编程模块</Filter>
    </ClCompile>
    <ClCompile Include="7.13 strctptr.cpp">
      <Filter>源文件\第7章 函数--C++的编程模块</Filter>
    </ClCompile>
    <ClCompile Include="7.14 topfive.cpp">
      <Filter>源文件\第7章 函数--C++的编程模块</Filter>
    </ClCompile>
    <ClCompile Include="7.15 arrobj.cpp">
      <Filter>源文件\第7章 函数--C++的编程模块</Filter>
    </ClCompile>
    <ClCompile Include="7.16 recur.cpp">
      <Filter>源文件\第7章 函数--C++的编程模块</Filter>
    </ClCompile>
    <ClCompile Include="7.17 ruler.cpp">
      <Filter>源文件\第7章 函数--C++的编程模块</Filter>
    </ClCompile>
    <ClCompile Include="7.18 fun_ptr.cpp">
      <Filter>源文件\第7章 函数--C++的编程模块</Filter>
    </ClCompile>
    <ClCompile Include="7.19 arfupt.cpp">
      <Filter>源文件\第7章 函数--C++的编程模块</Filter>
    </ClCompile>
    <ClCompile Include="7.1.cpp">
      <Filter>源文件\第7章 函数--C++的编程模块\编程练习</Filter>
    </ClCompile>
    <ClCompile Include="7.2.cpp">
      <Filter>源文件\第7章 函数--C++的编程模块\编程练习</Filter>
    </ClCompile>
    <ClCompile Include="7.3.cpp">
      <Filter>源文件\第7章 函数--C++的编程模块\编程练习</Filter>
    </ClCompile>
    <ClCompile Include="7.4.cpp">
      <Filter>源文件\第7章 函数--C++的编程模块\编程练习</Filter>
    </ClCompile>
    <ClCompile Include="7.5.cpp">
      <Filter>源文件\第7章 函数--C++的编程模块\编程练习</Filter>
    </ClCompile>
    <ClCompile Include="7.6.cpp">
      <Filter>源文件\第7章 函数--C++的编程模块\编程练习</Filter>
    </ClCompile>
    <ClCompile Include="7.10.cpp">
      <Filter>源文件\第7章 函数--C++的编程模块\编程练习</Filter>
    </ClCompile>
    <ClCompile Include="7.7.cpp">
      <Filter>源文件\第7章 函数--C++的编程模块\编程练习</Filter>
    </ClCompile>
    <ClCompile Include="7.8.1.cpp">
      <Filter>源文件\第7章 函数--C++的编程模块\编程练习</Filter>
    </ClCompile>
    <ClCompile Include="7.8.2.cpp">
      <Filter>源文件\第7章 函数--C++的编程模块\编程练习</Filter>
    </ClCompile>
    <ClCompile Include="7.9.cpp">
      <Filter>源文件\第7章 函数--C++的编程模块\编程练习</Filter>
    </ClCompile>
    <ClCompile Include="8.1 inline.cpp">
      <Filter>源文件\第8章 函数探幽</Filter>
    </ClCompile>
    <ClCompile Include="8.2 firstref.cpp">
      <Filter>源文件\第8章 函数探幽</Filter>
    </ClCompile>
    <ClCompile Include="8.3 secref.cpp">
      <Filter>源文件\第8章 函数探幽</Filter>
    </ClCompile>
    <ClCompile Include="8.4 swaps.cpp">
      <Filter>源文件\第8章 函数探幽</Filter>
    </ClCompile>
    <ClCompile Include="8.5 cubes.cpp">
      <Filter>源文件\第8章 函数探幽</Filter>
    </ClCompile>
    <ClCompile Include="8.6 strtref.cpp">
      <Filter>源文件\第8章 函数探幽</Filter>
    </ClCompile>
    <ClCompile Include="8.7 strquote.cpp">
      <Filter>源文件\第8章 函数探幽</Filter>
    </ClCompile>
    <ClCompile Include="8.8 filefunc.cpp">
      <Filter>源文件\第8章 函数探幽</Filter>
    </ClCompile>
    <ClCompile Include="8.9 left.cpp">
      <Filter>源文件\第8章 函数探幽</Filter>
    </ClCompile>
    <ClCompile Include="8.10 leftover.cpp">
      <Filter>源文件\第8章 函数探幽</Filter>
    </ClCompile>
    <ClCompile Include="8.11 funtemp.cpp">
      <Filter>源文件\第8章 函数探幽</Filter>
    </ClCompile>
    <ClCompile Include="8.12 twotemps.cpp">
      <Filter>源文件\第8章 函数探幽</Filter>
    </ClCompile>
    <ClCompile Include="8.13 twoswap.cpp">
      <Filter>源文件\第8章 函数探幽</Filter>
    </ClCompile>
    <ClCompile Include="8.14 temptempover.cpp">
      <Filter>源文件\第8章 函数探幽</Filter>
    </ClCompile>
    <ClCompile Include="8.15 choices.cpp">
      <Filter>源文件\第8章 函数探幽</Filter>
    </ClCompile>
    <ClCompile Include="8.1.cpp">
      <Filter>源文件\第8章 函数探幽\编程练习</Filter>
    </ClCompile>
    <ClCompile Include="8.2.cpp">
      <Filter>源文件\第8章 函数探幽\编程练习</Filter>
    </ClCompile>
    <ClCompile Include="8.3.cpp">
      <Filter>源文件\第8章 函数探幽\编程练习</Filter>
    </ClCompile>
    <ClCompile Include="8.4.cpp">
      <Filter>源文件\第8章 函数探幽\编程练习</Filter>
    </ClCompile>
    <ClCompile Include="8.5.cpp">
      <Filter>源文件\第8章 函数探幽\编程练习</Filter>
    </ClCompile>
    <ClCompile Include="8.6.cpp">
      <Filter>源文件\第8章 函数探幽\编程练习</Filter>
    </ClCompile>
    <ClCompile Include="8.7.cpp">
      <Filter>源文件\第8章 函数探幽\编程练习</Filter>
    </ClCompile>
    <ClCompile Include="9.2 file1.cpp">
      <Filter>源文件\第9章 内存模型和名称空间\9.1-9.3</Filter>
    </ClCompile>
    <ClCompile Include="9.2 file2.cpp">
      <Filter>源文件\第9章 内存模型和名称空间\9.1-9.3</Filter>
    </ClCompile>
    <ClCompile Include="9.4 auto.cpp">
      <Filter>源文件\第9章 内存模型和名称空间</Filter>
    </ClCompile>
    <ClCompile Include="9.5 external.cpp">
      <Filter>源文件\第9章 内存模型和名称空间\9.5-9.6</Filter>
    </ClCompile>
    <ClCompile Include="9.6 support.cpp">
      <Filter>源文件\第9章 内存模型和名称空间\9.5-9.6</Filter>
    </ClCompile>
    <ClCompile Include="9.7 twofile1.cpp">
      <Filter>源文件\第9章 内存模型和名称空间\9.7-9.8</Filter>
    </ClCompile>
    <ClCompile Include="9.8 twofile2.cpp">
      <Filter>源文件\第9章 内存模型和名称空间\9.7-9.8</Filter>
    </ClCompile>
    <ClCompile Include="9.9 static.cpp">
      <Filter>源文件\第9章 内存模型和名称空间</Filter>
    </ClCompile>
    <ClCompile Include="9.10 newplace.cpp">
      <Filter>源文件\第9章 内存模型和名称空间</Filter>
    </ClCompile>
    <ClCompile Include="9.12 namesp.cpp">
      <Filter>源文件\第9章 内存模型和名称空间\9.11-9.13</Filter>
    </ClCompile>
    <ClCompile Include="9.13 namessp.cpp">
      <Filter>源文件\第9章 内存模型和名称空间\9.11-9.13</Filter>
    </ClCompile>
    <ClCompile Include="9.2.cpp">
      <Filter>源文件\第9章 内存模型和名称空间\编程练习</Filter>
    </ClCompile>
    <ClCompile Include="9.3.cpp">
      <Filter>源文件\第9章 内存模型和名称空间\编程练习</Filter>
    </ClCompile>
    <ClCompile Include="9.1.cpp">
      <Filter>源文件\第9章 内存模型和名称空间\编程练习\9.1</Filter>
    </ClCompile>
    <ClCompile Include="golf.cpp">
      <Filter>源文件\第9章 内存模型和名称空间\编程练习\9.1</Filter>
    </ClCompile>
    <ClCompile Include="9.4.cpp">
      <Filter>源文件\第9章 内存模型和名称空间\编程练习\9.4</Filter>
    </ClCompile>
    <ClCompile Include="sales.cpp">
      <Filter>源文件\第9章 内存模型和名称空间\编程练习\9.4</Filter>
    </ClCompile>
    <ClCompile Include="10.2 stock00.cpp">
      <Filter>源文件\第10章 对象和类\10.1-10.3</Filter>
    </ClCompile>
    <ClCompile Include="10.3 usestock0.cpp">
      <Filter>源文件\第10章 对象和类\10.1-10.3</Filter>
    </ClCompile>
    <ClCompile Include="10.5 stock10.cpp">
      <Filter>源文件\第10章 对象和类\10.4-10.6</Filter>
    </ClCompile>
    <ClCompile Include="10.6 usestock1.cpp">
      <Filter>源文件\第10章 对象和类\10.4-10.6</Filter>
    </ClCompile>
    <ClCompile Include="10.8 stock20.cpp">
      <Filter>源文件\第10章 对象和类\10.7-10.9</Filter>
    </ClCompile>
    <ClCompile Include="10.9 usestock2.cpp">
      <Filter>源文件\第10章 对象和类\10.7-10.9</Filter>
    </ClCompile>
    <ClCompile Include="10.11 stack.cpp">
      <Filter>源文件\第10章 对象和类\10.10-10.12</Filter>
    </ClCompile>
    <ClCompile Include="10.12 stacker.cpp">
      <Filter>源文件\第10章 对象和类\10.10-10.12</Filter>
    </ClCompile>
    <ClCompile Include="10.1 account.cpp">
      <Filter>源文件\第10章 对象和类\编程练习\10.1</Filter>
    </ClCompile>
    <ClCompile Include="10.1 useaccount.cpp">
      <Filter>源文件\第10章 对象和类\编程练习\10.1</Filter>
    </ClCompile>
    <ClCompile Include="10.2 Person.cpp">
      <Filter>源文件\第10章 对象和类\编程练习\10.2</Filter>
    </ClCompile>
    <ClCompile Include="10.2 usePerson.cpp">
      <Filter>源文件\第10章 对象和类\编程练习\10.2</Filter>
    </ClCompile>
    <ClCompile Include="10.3 golf.cpp">
      <Filter>源文件\第10章 对象和类\编程练习\10.3</Filter>
    </ClCompile>
    <ClCompile Include="10.3 usegolf.cpp">
      <Filter>源文件\第10章 对象和类\编程练习\10.3</Filter>
    </ClCompile>
    <ClCompile Include="10.4 sales.cpp">
      <Filter>源文件\第10章 对象和类\编程练习\10.4</Filter>
    </ClCompile>
    <ClCompile Include="10.4 usesales.cpp">
      <Filter>源文件\第10章 对象和类\编程练习\10.4</Filter>
    </ClCompile>
    <ClCompile Include="10.5 stack.cpp">
      <Filter>源文件\第10章 对象和类\编程练习\10.5</Filter>
    </ClCompile>
    <ClCompile Include="10.5 usestack.cpp">
      <Filter>源文件\第10章 对象和类\编程练习\10.5</Filter>
    </ClCompile>
    <ClCompile Include="10.6 move.cpp">
      <Filter>源文件\第10章 对象和类\编程练习\10.6</Filter>
    </ClCompile>
    <ClCompile Include="10.6 usemove.cpp">
      <Filter>源文件\第10章 对象和类\编程练习\10.6</Filter>
    </ClCompile>
    <ClCompile Include="10.7 plorg.cpp">
      <Filter>源文件\第10章 对象和类\编程练习\10.7</Filter>
    </ClCompile>
    <ClCompile Include="10.7 useplorg.cpp">
      <Filter>源文件\第10章 对象和类\编程练习\10.7</Filter>
    </ClCompile>
    <ClCompile Include="10.8 list.cpp">
      <Filter>源文件\第10章 对象和类\编程练习\10.8</Filter>
    </ClCompile>
    <ClCompile Include="10.8 uselist.cpp">
      <Filter>源文件\第10章 对象和类\编程练习\10.8</Filter>
    </ClCompile>
    <ClCompile Include="10.8 person.cpp">
      <Filter>源文件\第10章 对象和类\编程练习\10.8</Filter>
    </ClCompile>
    <ClCompile Include="11.2 mytime0.cpp">
      <Filter>源文件\第11章 使用类\11.1-11.3</Filter>
    </ClCompile>
    <ClCompile Include="11.3 usetime0.cpp">
      <Filter>源文件\第11章 使用类\11.1-11.3</Filter>
    </ClCompile>
    <ClCompile Include="11.5 mytime1.cpp">
      <Filter>源文件\第11章 使用类\11.4-11.6</Filter>
    </ClCompile>
    <ClCompile Include="11.6 usetime1.cpp">
      <Filter>源文件\第11章 使用类\11.4-11.6</Filter>
    </ClCompile>
    <ClCompile Include="11.8 mytime2.cpp">
      <Filter>源文件\第11章 使用类\11.7-11.9</Filter>
    </ClCompile>
    <ClCompile Include="11.9 usetime2.cpp">
      <Filter>源文件\第11章 使用类\11.7-11.9</Filter>
    </ClCompile>
    <ClCompile Include="11.11 mytime3.cpp">
      <Filter>源文件\第11章 使用类\11.10-11.12</Filter>
    </ClCompile>
    <ClCompile Include="11.12 usetime3.cpp">
      <Filter>源文件\第11章 使用类\11.10-11.12</Filter>
    </ClCompile>
    <ClCompile Include="11.14 vector.cpp">
      <Filter>源文件\第11章 使用类\11.13-11.15</Filter>
    </ClCompile>
    <ClCompile Include="11.15 randwalk.cpp">
      <Filter>源文件\第11章 使用类\11.13-11.15</Filter>
    </ClCompile>
    <ClCompile Include="11.16 stonewt.h">
      <Filter>源文件\第11章 使用类\11.16-11.18</Filter>
    </ClCompile>
    <ClCompile Include="11.17 stonewt.cpp">
      <Filter>源文件\第11章 使用类\11.16-11.18</Filter>
    </ClCompile>
    <ClCompile Include="11.18 stone.cpp">
      <Filter>源文件\第11章 使用类\11.16-11.18</Filter>
    </ClCompile>
    <ClCompile Include="11.20 stonewt1.cpp">
      <Filter>源文件\第11章 使用类\11.19-11.21</Filter>
    </ClCompile>
    <ClCompile Include="11.21 stone1.cpp">
      <Filter>源文件\第11章 使用类\11.19-11.21</Filter>
    </ClCompile>
    <ClCompile Include="11.2 vector.cpp">
      <Filter>源文件\第11章 使用类\编程练习\11.2</Filter>
    </ClCompile>
    <ClCompile Include="11.2 randwalk.cpp">
      <Filter>源文件\第11章 使用类\编程练习\11.2</Filter>
    </ClCompile>
    <ClCompile Include="11.3 vector.cpp">
      <Filter>源文件\第11章 使用类\编程练习\11.3</Filter>
    </ClCompile>
    <ClCompile Include="11.3 randwalk.cpp">
      <Filter>源文件\第11章 使用类\编程练习\11.3</Filter>
    </ClCompile>
    <ClCompile Include="11.1 mytime.cpp">
      <Filter>源文件\第11章 使用类\编程练习\11.1</Filter>
    </ClCompile>
    <ClCompile Include="11.1 usetime.cpp">
      <Filter>源文件\第11章 使用类\编程练习\11.1</Filter>
    </ClCompile>
    <ClCompile Include="11.4 mytime.cpp">
      <Filter>源文件\第11章 使用类\编程练习\11.4</Filter>
    </ClCompile>
    <ClCompile Include="11.4 usetime.cpp">
      <Filter>源文件\第11章 使用类\编程练习\11.4</Filter>
    </ClCompile>
    <ClCompile Include="11.5 stonewt.cpp">
      <Filter>源文件\第11章 使用类\编程练习\11.5</Filter>
    </ClCompile>
    <ClCompile Include="11.5 stone.cpp">
      <Filter>源文件\第11章 使用类\编程练习\11.5</Filter>
    </ClCompile>
    <ClCompile Include="11.6 stonewt.cpp">
      <Filter>源文件\第11章 使用类\编程练习\11.6</Filter>
    </ClCompile>
    <ClCompile Include="11.6 stone.cpp">
      <Filter>源文件\第11章 使用类\编程练习\11.6</Filter>
    </ClCompile>
    <ClCompile Include="11.7 complex.cpp">
      <Filter>源文件\第11章 使用类\编程练习\11.7</Filter>
    </ClCompile>
    <ClCompile Include="11.7 usecomplex.cpp">
      <Filter>源文件\第11章 使用类\编程练习\11.7</Filter>
    </ClCompile>
  </ItemGroup>
  <ItemGroup>
    <ClInclude Include="9.1 coordin.h">
      <Filter>源文件\第9章 内存模型和名称空间\9.1-9.3</Filter>
    </ClInclude>
    <ClInclude Include="9.11 namesp.h">
      <Filter>源文件\第9章 内存模型和名称空间\9.11-9.13</Filter>
    </ClInclude>
    <ClInclude Include="golf.h">
      <Filter>源文件\第9章 内存模型和名称空间\编程练习\9.1</Filter>
    </ClInclude>
    <ClInclude Include="sales.h">
      <Filter>源文件\第9章 内存模型和名称空间\编程练习\9.4</Filter>
    </ClInclude>
    <ClInclude Include="10.1 stock00.h">
      <Filter>源文件\第10章 对象和类\10.1-10.3</Filter>
    </ClInclude>
    <ClInclude Include="10.4 stock10.h">
      <Filter>源文件\第10章 对象和类\10.4-10.6</Filter>
    </ClInclude>
    <ClInclude Include="10.7 stock20.h">
      <Filter>源文件\第10章 对象和类\10.7-10.9</Filter>
    </ClInclude>
    <ClInclude Include="10.10 stack.h">
      <Filter>源文件\第10章 对象和类\10.10-10.12</Filter>
    </ClInclude>
    <ClInclude Include="10.1 account.h">
      <Filter>源文件\第10章 对象和类\编程练习\10.1</Filter>
    </ClInclude>
    <ClInclude Include="10.2 Person.h">
      <Filter>源文件\第10章 对象和类\编程练习\10.2</Filter>
    </ClInclude>
    <ClInclude Include="10.3 golf.h">
      <Filter>源文件\第10章 对象和类\编程练习\10.3</Filter>
    </ClInclude>
    <ClInclude Include="10.4 sales.h">
      <Filter>源文件\第10章 对象和类\编程练习\10.4</Filter>
    </ClInclude>
    <ClInclude Include="10.5 stack.h">
      <Filter>源文件\第10章 对象和类\编程练习\10.5</Filter>
    </ClInclude>
    <ClInclude Include="10.6 move.h">
      <Filter>源文件\第10章 对象和类\编程练习\10.6</Filter>
    </ClInclude>
    <ClInclude Include="10.7 plorg.h">
      <Filter>源文件\第10章 对象和类\编程练习\10.7</Filter>
    </ClInclude>
    <ClInclude Include="10.8 list.h">
      <Filter>源文件\第10章 对象和类\编程练习\10.8</Filter>
    </ClInclude>
    <ClInclude Include="10.8 person.h">
      <Filter>源文件\第10章 对象和类\编程练习\10.8</Filter>
    </ClInclude>
    <ClInclude Include="11.1 mytime0.h">
      <Filter>源文件\第11章 使用类\11.1-11.3</Filter>
    </ClInclude>
    <ClInclude Include="11.4 mytime1.h">
      <Filter>源文件\第11章 使用类\11.4-11.6</Filter>
    </ClInclude>
    <ClInclude Include="11.7 mytime2.h">
      <Filter>源文件\第11章 使用类\11.7-11.9</Filter>
    </ClInclude>
    <ClInclude Include="11.10 mytime3.h">
      <Filter>源文件\第11章 使用类\11.10-11.12</Filter>
    </ClInclude>
    <ClInclude Include="11.13 vector.h">
      <Filter>源文件\第11章 使用类\11.13-11.15</Filter>
    </ClInclude>
    <ClInclude Include="11.19 stonewt1.h">
      <Filter>源文件\第11章 使用类\11.19-11.21</Filter>
    </ClInclude>
    <ClInclude Include="11.2 vector.h">
      <Filter>源文件\第11章 使用类\编程练习\11.2</Filter>
    </ClInclude>
    <ClInclude Include="11.3 vector.h">
      <Filter>源文件\第11章 使用类\编程练习\11.3</Filter>
    </ClInclude>
    <ClInclude Include="11.1 mytime.h">
      <Filter>源文件\第11章 使用类\编程练习\11.1</Filter>
    </ClInclude>
    <ClInclude Include="11.4 mytime.h">
      <Filter>源文件\第11章 使用类\编程练习\11.4</Filter>
    </ClInclude>
    <ClInclude Include="11.5 stonewt.h">
      <Filter>源文件\第11章 使用类\编程练习\11.5</Filter>
    </ClInclude>
    <ClInclude Include="11.6 stonewt.h">
      <Filter>源文件\第11章 使用类\编程练习\11.6</Filter>
    </ClInclude>
    <ClInclude Include="11.7 complex.h">
      <Filter>源文件\第11章 使用类\编程练习\11.7</Filter>
    </ClInclude>
  </ItemGroup>
</Project>