<?xml version="1.0" encoding="utf-8"?>
<Project ToolsVersion="4.0" xmlns="http://schemas.microsoft.com/developer/msbuild/2003">
  <ItemGroup>
    <Filter Include="源文件">
      <UniqueIdentifier>{4FC737F1-C7A5-4376-A066-2A32D752A2FF}</UniqueIdentifier>
      <Extensions>cpp;c;cc;cxx;c++;cppm;ixx;def;odl;idl;hpj;bat;asm;asmx</Extensions>
    </Filter>
    <Filter Include="头文件">
      <UniqueIdentifier>{93995380-89BD-4b04-88EB-625FBE52EBFB}</UniqueIdentifier>
      <Extensions>h;hh;hpp;hxx;h++;hm;inl;inc;ipp;xsd</Extensions>
    </Filter>
    <Filter Include="资源文件">
      <UniqueIdentifier>{67DA6AB6-F800-4c08-8B7A-83BB121AAD01}</UniqueIdentifier>
      <Extensions>rc;ico;cur;bmp;dlg;rc2;rct;bin;rgs;gif;jpg;jpeg;jpe;resx;tiff;tif;png;wav;mfcribbon-ms</Extensions>
    </Filter>
    <Filter Include="源文件\第2章 开始学习C++">
      <UniqueIdentifier>{0f25e40d-6a0d-4844-9393-ad3d3663fa07}</UniqueIdentifier>
    </Filter>
    <Filter Include="源文件\第2章 开始学习C++\编程练习">
      <UniqueIdentifier>{d0bbc544-5156-4e3a-8b88-af7effd27b62}</UniqueIdentifier>
    </Filter>
    <Filter Include="源文件\第3章 处理数据">
      <UniqueIdentifier>{cb72c809-0c75-42c2-a4ea-656f489dbe4b}</UniqueIdentifier>
    </Filter>
    <Filter Include="源文件\第3章 处理数据\编程练习">
      <UniqueIdentifier>{094b0d34-2cf4-4c6e-9bad-04849a74e680}</UniqueIdentifier>
    </Filter>
    <Filter Include="源文件\第4章 复合类型">
      <UniqueIdentifier>{17fc19de-0fd8-43ac-b31b-45270646eb21}</UniqueIdentifier>
    </Filter>
    <Filter Include="源文件\第4章 复合类型\编程练习">
      <UniqueIdentifier>{9c49d72c-a183-49de-affb-29532eeda846}</UniqueIdentifier>
    </Filter>
    <Filter Include="源文件\第5章 循环和关系表达式">
      <UniqueIdentifier>{0b57b59f-c3f3-410a-a778-3bf554b25436}</UniqueIdentifier>
    </Filter>
    <Filter Include="源文件\第5章 循环和关系表达式\编程练习">
      <UniqueIdentifier>{c6a4c56e-3ec1-4240-aaf1-5f38ad06dee4}</UniqueIdentifier>
    </Filter>
    <Filter Include="源文件\第6章 分支语句和逻辑运算符">
      <UniqueIdentifier>{8d0f394c-573a-4204-9c26-da45a3a9762c}</UniqueIdentifier>
    </Filter>
    <Filter Include="源文件\第6章 分支语句和逻辑运算符\编程练习">
      <UniqueIdentifier>{4e1575ef-5ba8-46db-8558-379bb815eef2}</UniqueIdentifier>
    </Filter>
    <Filter Include="源文件\第7章 函数--C++的编程模块">
      <UniqueIdentifier>{20d06418-98b5-411d-8638-65129a623f91}</UniqueIdentifier>
    </Filter>
    <Filter Include="源文件\第7章 函数--C++的编程模块\编程练习">
      <UniqueIdentifier>{59195122-2f91-4f56-b85c-3fc33f3c9cc7}</UniqueIdentifier>
    </Filter>
    <Filter Include="源文件\第8章 函数探幽">
      <UniqueIdentifier>{c80a8cf0-dee4-4d21-a9a6-28df4960134a}</UniqueIdentifier>
    </Filter>
  </ItemGroup>
  <ItemGroup>
    <ClCompile Include="2.1 myfirst.cpp">
      <Filter>源文件\第2章 开始学习C++</Filter>
    </ClCompile>
    <ClCompile Include="2.2 carrots.cpp">
      <Filter>源文件\第2章 开始学习C++</Filter>
    </ClCompile>
    <ClCompile Include="2.3 getinfo.cpp">
      <Filter>源文件\第2章 开始学习C++</Filter>
    </ClCompile>
    <ClCompile Include="2.4 sqrt.cpp">
      <Filter>源文件\第2章 开始学习C++</Filter>
    </ClCompile>
    <ClCompile Include="2.5 ourfunc.cpp">
      <Filter>源文件\第2章 开始学习C++</Filter>
    </ClCompile>
    <ClCompile Include="2.6 convert.cpp">
      <Filter>源文件\第2章 开始学习C++</Filter>
    </ClCompile>
    <ClCompile Include="2.1.cpp">
      <Filter>源文件\第2章 开始学习C++\编程练习</Filter>
    </ClCompile>
    <ClCompile Include="2.2.cpp">
      <Filter>源文件\第2章 开始学习C++\编程练习</Filter>
    </ClCompile>
    <ClCompile Include="2.3.cpp">
      <Filter>源文件\第2章 开始学习C++\编程练习</Filter>
    </ClCompile>
    <ClCompile Include="2.4.cpp">
      <Filter>源文件\第2章 开始学习C++\编程练习</Filter>
    </ClCompile>
    <ClCompile Include="2.5.cpp">
      <Filter>源文件\第2章 开始学习C++\编程练习</Filter>
    </ClCompile>
    <ClCompile Include="2.6.cpp">
      <Filter>源文件\第2章 开始学习C++\编程练习</Filter>
    </ClCompile>
    <ClCompile Include="2.7.cpp">
      <Filter>源文件\第2章 开始学习C++\编程练习</Filter>
    </ClCompile>
    <ClCompile Include="3.1 limits.cpp">
      <Filter>源文件\第3章 处理数据</Filter>
    </ClCompile>
    <ClCompile Include="3.2 exceed.cpp">
      <Filter>源文件\第3章 处理数据</Filter>
    </ClCompile>
    <ClCompile Include="3.3 hexoct.cpp">
      <Filter>源文件\第3章 处理数据</Filter>
    </ClCompile>
    <ClCompile Include="3.4 hexoct2.cpp">
      <Filter>源文件\第3章 处理数据</Filter>
    </ClCompile>
    <ClCompile Include="3.5 chartype.cpp">
      <Filter>源文件\第3章 处理数据</Filter>
    </ClCompile>
    <ClCompile Include="3.6 morechar.cpp">
      <Filter>源文件\第3章 处理数据</Filter>
    </ClCompile>
    <ClCompile Include="3.7 bondini.cpp">
      <Filter>源文件\第3章 处理数据</Filter>
    </ClCompile>
    <ClCompile Include="3.8 floatnum.cpp">
      <Filter>源文件\第3章 处理数据</Filter>
    </ClCompile>
    <ClCompile Include="3.9 fltadd.cpp">
      <Filter>源文件\第3章 处理数据</Filter>
    </ClCompile>
    <ClCompile Include="3.10 arith.cpp">
      <Filter>源文件\第3章 处理数据</Filter>
    </ClCompile>
    <ClCompile Include="3.11 divide.cpp">
      <Filter>源文件\第3章 处理数据</Filter>
    </ClCompile>
    <ClCompile Include="3.12 mudulus.cpp">
      <Filter>源文件\第3章 处理数据</Filter>
    </ClCompile>
    <ClCompile Include="3.13 assign.cpp">
      <Filter>源文件\第3章 处理数据</Filter>
    </ClCompile>
    <ClCompile Include="3.14 typecast.cpp">
      <Filter>源文件\第3章 处理数据</Filter>
    </ClCompile>
    <ClCompile Include="3.1.cpp">
      <Filter>源文件\第3章 处理数据\编程练习</Filter>
    </ClCompile>
    <ClCompile Include="3.2.cpp">
      <Filter>源文件\第3章 处理数据\编程练习</Filter>
    </ClCompile>
    <ClCompile Include="3.3.cpp">
      <Filter>源文件\第3章 处理数据\编程练习</Filter>
    </ClCompile>
    <ClCompile Include="3.4.cpp">
      <Filter>源文件\第3章 处理数据\编程练习</Filter>
    </ClCompile>
    <ClCompile Include="3.5.cpp">
      <Filter>源文件\第3章 处理数据\编程练习</Filter>
    </ClCompile>
    <ClCompile Include="3.6.cpp">
      <Filter>源文件\第3章 处理数据\编程练习</Filter>
    </ClCompile>
    <ClCompile Include="3.7.cpp">
      <Filter>源文件\第3章 处理数据\编程练习</Filter>
    </ClCompile>
    <ClCompile Include="4.1 arrayone.cpp">
      <Filter>源文件\第4章 复合类型</Filter>
    </ClCompile>
    <ClCompile Include="4.2 string.cpp">
      <Filter>源文件\第4章 复合类型</Filter>
    </ClCompile>
    <ClCompile Include="4.3 instr1.cpp">
      <Filter>源文件\第4章 复合类型</Filter>
    </ClCompile>
    <ClCompile Include="4.4 instr2.cpp">
      <Filter>源文件\第4章 复合类型</Filter>
    </ClCompile>
    <ClCompile Include="4.5 instr3.cpp">
      <Filter>源文件\第4章 复合类型</Filter>
    </ClCompile>
    <ClCompile Include="4.6 numstr.cpp">
      <Filter>源文件\第4章 复合类型</Filter>
    </ClCompile>
    <ClCompile Include="4.7 strtype1.cpp">
      <Filter>源文件\第4章 复合类型</Filter>
    </ClCompile>
    <ClCompile Include="4.8 strtype2.cpp">
      <Filter>源文件\第4章 复合类型</Filter>
    </ClCompile>
    <ClCompile Include="4.9 strtype3.cpp">
      <Filter>源文件\第4章 复合类型</Filter>
    </ClCompile>
    <ClCompile Include="4.10 strtype4.cpp">
      <Filter>源文件\第4章 复合类型</Filter>
    </ClCompile>
    <ClCompile Include="4.11 structur.cpp">
      <Filter>源文件\第4章 复合类型</Filter>
    </ClCompile>
    <ClCompile Include="4.12 assgn_st.cpp">
      <Filter>源文件\第4章 复合类型</Filter>
    </ClCompile>
    <ClCompile Include="4.13 arrstruc.cpp">
      <Filter>源文件\第4章 复合类型</Filter>
    </ClCompile>
    <ClCompile Include="4.14 address.cpp">
      <Filter>源文件\第4章 复合类型</Filter>
    </ClCompile>
    <ClCompile Include="4.15 pointer.cpp">
      <Filter>源文件\第4章 复合类型</Filter>
    </ClCompile>
    <ClCompile Include="4.16 init_ptr.cpp">
      <Filter>源文件\第4章 复合类型</Filter>
    </ClCompile>
    <ClCompile Include="4.17 use_new.cpp">
      <Filter>源文件\第4章 复合类型</Filter>
    </ClCompile>
    <ClCompile Include="4.18 arraynew.cpp">
      <Filter>源文件\第4章 复合类型</Filter>
    </ClCompile>
    <ClCompile Include="4.19 addpntrs.cpp">
      <Filter>源文件\第4章 复合类型</Filter>
    </ClCompile>
    <ClCompile Include="4.20 ptrstr.cpp">
      <Filter>源文件\第4章 复合类型</Filter>
    </ClCompile>
    <ClCompile Include="4.21 newstrct.cpp">
      <Filter>源文件\第4章 复合类型</Filter>
    </ClCompile>
    <ClCompile Include="4.22 delete.cpp">
      <Filter>源文件\第4章 复合类型</Filter>
    </ClCompile>
    <ClCompile Include="4.23 mixtypes.cpp">
      <Filter>源文件\第4章 复合类型</Filter>
    </ClCompile>
    <ClCompile Include="4.24 choices.cpp">
      <Filter>源文件\第4章 复合类型</Filter>
    </ClCompile>
    <ClCompile Include="4.1.cpp">
      <Filter>源文件\第4章 复合类型\编程练习</Filter>
    </ClCompile>
    <ClCompile Include="4.2.cpp">
      <Filter>源文件\第4章 复合类型\编程练习</Filter>
    </ClCompile>
    <ClCompile Include="4.3.cpp">
      <Filter>源文件\第4章 复合类型\编程练习</Filter>
    </ClCompile>
    <ClCompile Include="4.4.cpp">
      <Filter>源文件\第4章 复合类型\编程练习</Filter>
    </ClCompile>
    <ClCompile Include="4.5.cpp">
      <Filter>源文件\第4章 复合类型\编程练习</Filter>
    </ClCompile>
    <ClCompile Include="4.6.cpp">
      <Filter>源文件\第4章 复合类型\编程练习</Filter>
    </ClCompile>
    <ClCompile Include="4.7.cpp">
      <Filter>源文件\第4章 复合类型\编程练习</Filter>
    </ClCompile>
    <ClCompile Include="4.8.cpp">
      <Filter>源文件\第4章 复合类型\编程练习</Filter>
    </ClCompile>
    <ClCompile Include="4.9.cpp">
      <Filter>源文件\第4章 复合类型\编程练习</Filter>
    </ClCompile>
    <ClCompile Include="4.10.cpp">
      <Filter>源文件\第4章 复合类型\编程练习</Filter>
    </ClCompile>
    <ClCompile Include="5.1 forloop.cpp">
      <Filter>源文件\第5章 循环和关系表达式</Filter>
    </ClCompile>
    <ClCompile Include="5.2 num_test.cpp">
      <Filter>源文件\第5章 循环和关系表达式</Filter>
    </ClCompile>
    <ClCompile Include="5.3 express.cpp">
      <Filter>源文件\第5章 循环和关系表达式</Filter>
    </ClCompile>
    <ClCompile Include="5.4 formore.cpp">
      <Filter>源文件\第5章 循环和关系表达式</Filter>
    </ClCompile>
    <ClCompile Include="5.5 bigstep.cpp">
      <Filter>源文件\第5章 循环和关系表达式</Filter>
    </ClCompile>
    <ClCompile Include="5.6 forstr1.cpp">
      <Filter>源文件\第5章 循环和关系表达式</Filter>
    </ClCompile>
    <ClCompile Include="5.7 plus_one.cpp">
      <Filter>源文件\第5章 循环和关系表达式</Filter>
    </ClCompile>
    <ClCompile Include="5.8 block.cpp">
      <Filter>源文件\第5章 循环和关系表达式</Filter>
    </ClCompile>
    <ClCompile Include="5.9 forstr2.cpp">
      <Filter>源文件\第5章 循环和关系表达式</Filter>
    </ClCompile>
    <ClCompile Include="5.10 equal.cpp">
      <Filter>源文件\第5章 循环和关系表达式</Filter>
    </ClCompile>
    <ClCompile Include="5.11 compstr1.cpp">
      <Filter>源文件\第5章 循环和关系表达式</Filter>
    </ClCompile>
    <ClCompile Include="5.12 compstr2.cpp">
      <Filter>源文件\第5章 循环和关系表达式</Filter>
    </ClCompile>
    <ClCompile Include="5.13 while.cpp">
      <Filter>源文件\第5章 循环和关系表达式</Filter>
    </ClCompile>
    <ClCompile Include="5.14 waiting.cpp">
      <Filter>源文件\第5章 循环和关系表达式</Filter>
    </ClCompile>
    <ClCompile Include="5.15 dowhile.cpp">
      <Filter>源文件\第5章 循环和关系表达式</Filter>
    </ClCompile>
    <ClCompile Include="5.16 textin1.cpp">
      <Filter>源文件\第5章 循环和关系表达式</Filter>
    </ClCompile>
    <ClCompile Include="5.17 textin2.cpp">
      <Filter>源文件\第5章 循环和关系表达式</Filter>
    </ClCompile>
    <ClCompile Include="5.18 textin3.cpp">
      <Filter>源文件\第5章 循环和关系表达式</Filter>
    </ClCompile>
    <ClCompile Include="5.19 textin4.cpp">
      <Filter>源文件\第5章 循环和关系表达式</Filter>
    </ClCompile>
    <ClCompile Include="5.20 nested.cpp">
      <Filter>源文件\第5章 循环和关系表达式</Filter>
    </ClCompile>
    <ClCompile Include="5.1.cpp">
      <Filter>源文件\第5章 循环和关系表达式\编程练习</Filter>
    </ClCompile>
    <ClCompile Include="5.2.cpp">
      <Filter>源文件\第5章 循环和关系表达式\编程练习</Filter>
    </ClCompile>
    <ClCompile Include="5.3.cpp">
      <Filter>源文件\第5章 循环和关系表达式\编程练习</Filter>
    </ClCompile>
    <ClCompile Include="5.4.cpp">
      <Filter>源文件\第5章 循环和关系表达式\编程练习</Filter>
    </ClCompile>
    <ClCompile Include="5.5.cpp">
      <Filter>源文件\第5章 循环和关系表达式\编程练习</Filter>
    </ClCompile>
    <ClCompile Include="5.6.cpp">
      <Filter>源文件\第5章 循环和关系表达式\编程练习</Filter>
    </ClCompile>
    <ClCompile Include="5.7.cpp">
      <Filter>源文件\第5章 循环和关系表达式\编程练习</Filter>
    </ClCompile>
    <ClCompile Include="5.8.cpp">
      <Filter>源文件\第5章 循环和关系表达式\编程练习</Filter>
    </ClCompile>
    <ClCompile Include="5.9.cpp">
      <Filter>源文件\第5章 循环和关系表达式\编程练习</Filter>
    </ClCompile>
    <ClCompile Include="5.10.cpp">
      <Filter>源文件\第5章 循环和关系表达式\编程练习</Filter>
    </ClCompile>
    <ClCompile Include="6.1 if.cpp">
      <Filter>源文件\第6章 分支语句和逻辑运算符</Filter>
    </ClCompile>
    <ClCompile Include="6.2 ifelse.cpp">
      <Filter>源文件\第6章 分支语句和逻辑运算符</Filter>
    </ClCompile>
    <ClCompile Include="6.3 ifelseif.cpp">
      <Filter>源文件\第6章 分支语句和逻辑运算符</Filter>
    </ClCompile>
    <ClCompile Include="6.4 or.cpp">
      <Filter>源文件\第6章 分支语句和逻辑运算符</Filter>
    </ClCompile>
    <ClCompile Include="6.5 and.cpp">
      <Filter>源文件\第6章 分支语句和逻辑运算符</Filter>
    </ClCompile>
    <ClCompile Include="6.6 more_and.cpp">
      <Filter>源文件\第6章 分支语句和逻辑运算符</Filter>
    </ClCompile>
    <ClCompile Include="6.7 not.cpp">
      <Filter>源文件\第6章 分支语句和逻辑运算符</Filter>
    </ClCompile>
    <ClCompile Include="6.8 cctypes.cpp">
      <Filter>源文件\第6章 分支语句和逻辑运算符</Filter>
    </ClCompile>
    <ClCompile Include="6.9 condit.cpp">
      <Filter>源文件\第6章 分支语句和逻辑运算符</Filter>
    </ClCompile>
    <ClCompile Include="6.10 switch.cpp">
      <Filter>源文件\第6章 分支语句和逻辑运算符</Filter>
    </ClCompile>
    <ClCompile Include="6.11 enum.cpp">
      <Filter>源文件\第6章 分支语句和逻辑运算符</Filter>
    </ClCompile>
    <ClCompile Include="6.12 jump.cpp">
      <Filter>源文件\第6章 分支语句和逻辑运算符</Filter>
    </ClCompile>
    <ClCompile Include="6.13 cinfish.cpp">
      <Filter>源文件\第6章 分支语句和逻辑运算符</Filter>
    </ClCompile>
    <ClCompile Include="6.14 cingolf.cpp">
      <Filter>源文件\第6章 分支语句和逻辑运算符</Filter>
    </ClCompile>
    <ClCompile Include="6.15 outfile.cpp">
      <Filter>源文件\第6章 分支语句和逻辑运算符</Filter>
    </ClCompile>
    <ClCompile Include="6.16 sumafile.cpp">
      <Filter>源文件\第6章 分支语句和逻辑运算符</Filter>
    </ClCompile>
    <ClCompile Include="6.1.cpp">
      <Filter>源文件\第6章 分支语句和逻辑运算符\编程练习</Filter>
    </ClCompile>
    <ClCompile Include="6.2.cpp">
      <Filter>源文件\第6章 分支语句和逻辑运算符\编程练习</Filter>
    </ClCompile>
    <ClCompile Include="6.3.cpp">
      <Filter>源文件\第6章 分支语句和逻辑运算符\编程练习</Filter>
    </ClCompile>
    <ClCompile Include="6.4.cpp">
      <Filter>源文件\第6章 分支语句和逻辑运算符\编程练习</Filter>
    </ClCompile>
    <ClCompile Include="6.5.cpp">
      <Filter>源文件\第6章 分支语句和逻辑运算符\编程练习</Filter>
    </ClCompile>
    <ClCompile Include="6.6.cpp">
      <Filter>源文件\第6章 分支语句和逻辑运算符\编程练习</Filter>
    </ClCompile>
    <ClCompile Include="6.7.cpp">
      <Filter>源文件\第6章 分支语句和逻辑运算符\编程练习</Filter>
    </ClCompile>
    <ClCompile Include="6.8.cpp">
      <Filter>源文件\第6章 分支语句和逻辑运算符\编程练习</Filter>
    </ClCompile>
    <ClCompile Include="6.9.cpp">
      <Filter>源文件\第6章 分支语句和逻辑运算符\编程练习</Filter>
    </ClCompile>
    <ClCompile Include="7.1 calling.cpp">
      <Filter>源文件\第7章 函数--C++的编程模块</Filter>
    </ClCompile>
    <ClCompile Include="7.2 protos.cpp">
      <Filter>源文件\第7章 函数--C++的编程模块</Filter>
    </ClCompile>
    <ClCompile Include="7.3 twoarg.cpp">
      <Filter>源文件\第7章 函数--C++的编程模块</Filter>
    </ClCompile>
    <ClCompile Include="7.4 lotto.cpp">
      <Filter>源文件\第7章 函数--C++的编程模块</Filter>
    </ClCompile>
    <ClCompile Include="7.5 arrfun1.cpp">
      <Filter>源文件\第7章 函数--C++的编程模块</Filter>
    </ClCompile>
    <ClCompile Include="7.6 arrfun2.cpp">
      <Filter>源文件\第7章 函数--C++的编程模块</Filter>
    </ClCompile>
    <ClCompile Include="7.7 arrfun3.cpp">
      <Filter>源文件\第7章 函数--C++的编程模块</Filter>
    </ClCompile>
    <ClCompile Include="7.8 arrfun4.cpp">
      <Filter>源文件\第7章 函数--C++的编程模块</Filter>
    </ClCompile>
    <ClCompile Include="7.9 strgfun.cpp">
      <Filter>源文件\第7章 函数--C++的编程模块</Filter>
    </ClCompile>
    <ClCompile Include="7.10 strgback.cpp">
      <Filter>源文件\第7章 函数--C++的编程模块</Filter>
    </ClCompile>
    <ClCompile Include="7.11 travel.cpp">
      <Filter>源文件\第7章 函数--C++的编程模块</Filter>
    </ClCompile>
    <ClCompile Include="7.12 atrctfun.cpp">
      <Filter>源文件\第7章 函数--C++的编程模块</Filter>
    </ClCompile>
    <ClCompile Include="7.13 strctptr.cpp">
      <Filter>源文件\第7章 函数--C++的编程模块</Filter>
    </ClCompile>
    <ClCompile Include="7.14 topfive.cpp">
      <Filter>源文件\第7章 函数--C++的编程模块</Filter>
    </ClCompile>
    <ClCompile Include="7.15 arrobj.cpp">
      <Filter>源文件\第7章 函数--C++的编程模块</Filter>
    </ClCompile>
    <ClCompile Include="7.16 recur.cpp">
      <Filter>源文件\第7章 函数--C++的编程模块</Filter>
    </ClCompile>
    <ClCompile Include="7.17 ruler.cpp">
      <Filter>源文件\第7章 函数--C++的编程模块</Filter>
    </ClCompile>
    <ClCompile Include="7.18 fun_ptr.cpp">
      <Filter>源文件\第7章 函数--C++的编程模块</Filter>
    </ClCompile>
    <ClCompile Include="7.19 arfupt.cpp">
      <Filter>源文件\第7章 函数--C++的编程模块</Filter>
    </ClCompile>
    <ClCompile Include="7.1.cpp">
      <Filter>源文件\第7章 函数--C++的编程模块\编程练习</Filter>
    </ClCompile>
    <ClCompile Include="7.2.cpp">
      <Filter>源文件\第7章 函数--C++的编程模块\编程练习</Filter>
    </ClCompile>
    <ClCompile Include="7.3.cpp">
      <Filter>源文件\第7章 函数--C++的编程模块\编程练习</Filter>
    </ClCompile>
    <ClCompile Include="7.4.cpp">
      <Filter>源文件\第7章 函数--C++的编程模块\编程练习</Filter>
    </ClCompile>
    <ClCompile Include="7.5.cpp">
      <Filter>源文件\第7章 函数--C++的编程模块\编程练习</Filter>
    </ClCompile>
    <ClCompile Include="7.6.cpp">
      <Filter>源文件\第7章 函数--C++的编程模块\编程练习</Filter>
    </ClCompile>
    <ClCompile Include="7.10.cpp">
      <Filter>源文件\第7章 函数--C++的编程模块\编程练习</Filter>
    </ClCompile>
    <ClCompile Include="7.7.cpp">
      <Filter>源文件\第7章 函数--C++的编程模块\编程练习</Filter>
    </ClCompile>
    <ClCompile Include="7.8.1.cpp">
      <Filter>源文件\第7章 函数--C++的编程模块\编程练习</Filter>
    </ClCompile>
    <ClCompile Include="7.8.2.cpp">
      <Filter>源文件\第7章 函数--C++的编程模块\编程练习</Filter>
    </ClCompile>
    <ClCompile Include="7.9.cpp">
      <Filter>源文件\第7章 函数--C++的编程模块\编程练习</Filter>
    </ClCompile>
    <ClCompile Include="8.1 inline.cpp">
      <Filter>源文件\第8章 函数探幽</Filter>
    </ClCompile>
    <ClCompile Include="8.2 firstref.cpp">
      <Filter>源文件\第8章 函数探幽</Filter>
    </ClCompile>
    <ClCompile Include="8.3 secref.cpp">
      <Filter>源文件\第8章 函数探幽</Filter>
    </ClCompile>
    <ClCompile Include="8.4 swaps.cpp">
      <Filter>源文件\第8章 函数探幽</Filter>
    </ClCompile>
    <ClCompile Include="8.5 cubes.cpp">
      <Filter>源文件\第8章 函数探幽</Filter>
    </ClCompile>
    <ClCompile Include="8.6 strtref.cpp">
      <Filter>源文件\第8章 函数探幽</Filter>
    </ClCompile>
    <ClCompile Include="8.7 strquote.cpp">
      <Filter>源文件\第8章 函数探幽</Filter>
    </ClCompile>
    <ClCompile Include="8.8 filefunc.cpp">
      <Filter>源文件\第8章 函数探幽</Filter>
    </ClCompile>
  </ItemGroup>
</Project>